# THIS IS AN AUTOGENERATED FILE. DO NOT EDIT THIS FILE DIRECTLY.
# yarn lockfile v1


dotenv@^10.0.0:
  version "10.0.0"
  resolved "https://registry.yarnpkg.com/dotenv/-/dotenv-10.0.0.tgz#3d4227b8fb95f81096cdd2b66653fb2c7085ba81"
  integrity sha512-rlBi9d8jpv9Sf1klPjNfFAuWDjKLwTIJJ/VxtoTwIR6hnZxcEOQCZg2oIL3MWBYw5GpUDKOEnND7LXTbIpQ03Q==

google-search-results-nodejs@^2.0.1:
  version "2.0.1"
  resolved "https://registry.yarnpkg.com/google-search-results-nodejs/-/google-search-results-nodejs-2.0.1.tgz#af9a06c431efb2be853423fdc93f4e951c6b870e"
  integrity sha512-DfiqawBwliUfdy//OUtbIxaU2r7f2frwbCedr6GLZoP5ucZKFiSDvmb1xyXRng744ElHpeSxmhnwDTwVQTk5zw==
